
Microsoft Visual Studio Solution File, Format Version 12.00
# Visual Studio Version 17
VisualStudioVersion = 17.9.34607.119
MinimumVisualStudioVersion = 10.0.40219.1
Project("{FAE04EC0-301F-11D3-BF4B-00C04F79EFBC}") = "AzurePipeLineDemo", "AzurePipeLineDemo\AzurePipeLineDemo.csproj", "{D5363430-D578-4E87-A249-630343D601FC}"
EndProject
Global
	GlobalSection(SolutionConfigurationPlatforms) = preSolution
		Debug|Any CPU = Debug|Any CPU
		Release|Any CPU = Release|Any CPU
	EndGlobalSection
	GlobalSection(ProjectConfigurationPlatforms) = postSolution
		{D5363430-D578-4E87-A249-630343D601FC}.Debug|Any CPU.ActiveCfg = Debug|Any CPU
		{D5363430-D578-4E87-A249-630343D601FC}.Debug|Any CPU.Build.0 = Debug|Any CPU
		{D5363430-D578-4E87-A249-630343D601FC}.Release|Any CPU.ActiveCfg = Release|Any CPU
		{D5363430-D578-4E87-A249-630343D601FC}.Release|Any CPU.Build.0 = Release|Any CPU
	EndGlobalSection
	GlobalSection(SolutionProperties) = preSolution
		HideSolutionNode = FALSE
	EndGlobalSection
	GlobalSection(ExtensibilityGlobals) = postSolution
		SolutionGuid = {F30728D1-8B0F-4FC1-B5CD-30ACA8A44BE3}
	EndGlobalSection
EndGlobal
